
Microsoft Visual Studio Solution File, Format Version 12.00
# Visual Studio Version 17
VisualStudioVersion = 17.4.33122.133
MinimumVisualStudioVersion = 10.0.40219.1
Project("{9A19103F-16F7-4668-BE54-9A1E7A4F7556}") = "Lightrealm", "Lightrealm\Lightrealm.csproj", "{ED65A758-D3DA-4CEA-8BB9-6C487566F3FA}"
EndProject
Global
	GlobalSection(SolutionConfigurationPlatforms) = preSolution
		Debug|Any CPU = Debug|Any CPU
		Debug|x86 = Debug|x86
		Release|Any CPU = Release|Any CPU
		Release|x86 = Release|x86
	EndGlobalSection
	GlobalSection(ProjectConfigurationPlatforms) = postSolution
		{ED65A758-D3DA-4CEA-8BB9-6C487566F3FA}.Debug|Any CPU.ActiveCfg = Debug|Any CPU
		{ED65A758-D3DA-4CEA-8BB9-6C487566F3FA}.Debug|Any CPU.Build.0 = Debug|Any CPU
		{ED65A758-D3DA-4CEA-8BB9-6C487566F3FA}.Debug|x86.ActiveCfg = Debug|x86
		{ED65A758-D3DA-4CEA-8BB9-6C487566F3FA}.Debug|x86.Build.0 = Debug|x86
		{ED65A758-D3DA-4CEA-8BB9-6C487566F3FA}.Release|Any CPU.ActiveCfg = Release|Any CPU
		{ED65A758-D3DA-4CEA-8BB9-6C487566F3FA}.Release|Any CPU.Build.0 = Release|Any CPU
		{ED65A758-D3DA-4CEA-8BB9-6C487566F3FA}.Release|x86.ActiveCfg = Release|x86
		{ED65A758-D3DA-4CEA-8BB9-6C487566F3FA}.Release|x86.Build.0 = Release|x86
	EndGlobalSection
	GlobalSection(SolutionProperties) = preSolution
		HideSolutionNode = FALSE
	EndGlobalSection
	GlobalSection(ExtensibilityGlobals) = postSolution
		SolutionGuid = {A913F391-9F0F-40D2-8E1A-9DB368EF16FE}
	EndGlobalSection
EndGlobal
